
Microsoft Visual Studio Solution File, Format Version 12.00
# Visual Studio 15
VisualStudioVersion = 15.0.26430.12
MinimumVisualStudioVersion = 10.0.40219.1
Project("{FAE04EC0-301F-11D3-BF4B-00C04F79EFBC}") = "1. Count Real Numbers", "1. Count Real Numbers\1. Count Real Numbers.csproj", "{5D48DE54-F2C9-4324-AAAC-D0E4DB3AFDE0}"
EndProject
Project("{FAE04EC0-301F-11D3-BF4B-00C04F79EFBC}") = "2. Odd Occurrences", "2. Odd Occurrences\2. Odd Occurrences.csproj", "{A4E93B1F-9250-4FC8-B22C-499638CD6B43}"
EndProject
Project("{FAE04EC0-301F-11D3-BF4B-00C04F79EFBC}") = "3. Sum, Min, Max, Average", "3. Sum, Min, Max, Average\3. Sum, Min, Max, Average.csproj", "{4EEA297C-C913-4AA3-BEB6-250EE5FF4F8C}"
EndProject
Project("{FAE04EC0-301F-11D3-BF4B-00C04F79EFBC}") = "4. Largest 3 Numbers", "4. Largest 3 Numbers\4. Largest 3 Numbers.csproj", "{A2489459-6654-4509-BC82-133FE2789FB5}"
EndProject
Project("{FAE04EC0-301F-11D3-BF4B-00C04F79EFBC}") = "5. Short Words Sorted", "5. Short Words Sorted\5. Short Words Sorted.csproj", "{F5643C9E-E19D-4BBF-8457-48EC5E1B451A}"
EndProject
Project("{FAE04EC0-301F-11D3-BF4B-00C04F79EFBC}") = "6. Fold and Sum", "6. Fold and Sum\6. Fold and Sum.csproj", "{AD5050A8-2F18-45EB-961C-FB6BA38C7898}"
EndProject
Global
	GlobalSection(SolutionConfigurationPlatforms) = preSolution
		Debug|Any CPU = Debug|Any CPU
		Release|Any CPU = Release|Any CPU
	EndGlobalSection
	GlobalSection(ProjectConfigurationPlatforms) = postSolution
		{5D48DE54-F2C9-4324-AAAC-D0E4DB3AFDE0}.Debug|Any CPU.ActiveCfg = Debug|Any CPU
		{5D48DE54-F2C9-4324-AAAC-D0E4DB3AFDE0}.Debug|Any CPU.Build.0 = Debug|Any CPU
		{5D48DE54-F2C9-4324-AAAC-D0E4DB3AFDE0}.Release|Any CPU.ActiveCfg = Release|Any CPU
		{5D48DE54-F2C9-4324-AAAC-D0E4DB3AFDE0}.Release|Any CPU.Build.0 = Release|Any CPU
		{A4E93B1F-9250-4FC8-B22C-499638CD6B43}.Debug|Any CPU.ActiveCfg = Debug|Any CPU
		{A4E93B1F-9250-4FC8-B22C-499638CD6B43}.Debug|Any CPU.Build.0 = Debug|Any CPU
		{A4E93B1F-9250-4FC8-B22C-499638CD6B43}.Release|Any CPU.ActiveCfg = Release|Any CPU
		{A4E93B1F-9250-4FC8-B22C-499638CD6B43}.Release|Any CPU.Build.0 = Release|Any CPU
		{4EEA297C-C913-4AA3-BEB6-250EE5FF4F8C}.Debug|Any CPU.ActiveCfg = Debug|Any CPU
		{4EEA297C-C913-4AA3-BEB6-250EE5FF4F8C}.Debug|Any CPU.Build.0 = Debug|Any CPU
		{4EEA297C-C913-4AA3-BEB6-250EE5FF4F8C}.Release|Any CPU.ActiveCfg = Release|Any CPU
		{4EEA297C-C913-4AA3-BEB6-250EE5FF4F8C}.Release|Any CPU.Build.0 = Release|Any CPU
		{A2489459-6654-4509-BC82-133FE2789FB5}.Debug|Any CPU.ActiveCfg = Debug|Any CPU
		{A2489459-6654-4509-BC82-133FE2789FB5}.Debug|Any CPU.Build.0 = Debug|Any CPU
		{A2489459-6654-4509-BC82-133FE2789FB5}.Release|Any CPU.ActiveCfg = Release|Any CPU
		{A2489459-6654-4509-BC82-133FE2789FB5}.Release|Any CPU.Build.0 = Release|Any CPU
		{F5643C9E-E19D-4BBF-8457-48EC5E1B451A}.Debug|Any CPU.ActiveCfg = Debug|Any CPU
		{F5643C9E-E19D-4BBF-8457-48EC5E1B451A}.Debug|Any CPU.Build.0 = Debug|Any CPU
		{F5643C9E-E19D-4BBF-8457-48EC5E1B451A}.Release|Any CPU.ActiveCfg = Release|Any CPU
		{F5643C9E-E19D-4BBF-8457-48EC5E1B451A}.Release|Any CPU.Build.0 = Release|Any CPU
		{AD5050A8-2F18-45EB-961C-FB6BA38C7898}.Debug|Any CPU.ActiveCfg = Debug|Any CPU
		{AD5050A8-2F18-45EB-961C-FB6BA38C7898}.Debug|Any CPU.Build.0 = Debug|Any CPU
		{AD5050A8-2F18-45EB-961C-FB6BA38C7898}.Release|Any CPU.ActiveCfg = Release|Any CPU
		{AD5050A8-2F18-45EB-961C-FB6BA38C7898}.Release|Any CPU.Build.0 = Release|Any CPU
	EndGlobalSection
	GlobalSection(SolutionProperties) = preSolution
		HideSolutionNode = FALSE
	EndGlobalSection
EndGlobal
