
Microsoft Visual Studio Solution File, Format Version 12.00
# Visual Studio 15
VisualStudioVersion = 15.0.26430.13
MinimumVisualStudioVersion = 10.0.40219.1
Project("{FAE04EC0-301F-11D3-BF4B-00C04F79EFBC}") = "1. Censorship", "1. Censorship\1. Censorship.csproj", "{667BD7F9-86AD-4D03-B400-774134261D73}"
EndProject
Project("{FAE04EC0-301F-11D3-BF4B-00C04F79EFBC}") = "2. Email Me", "2. Email Me\2. Email Me.csproj", "{3B974B8E-DE80-4F7A-9CDA-0E4F4245886A}"
EndProject
Project("{FAE04EC0-301F-11D3-BF4B-00C04F79EFBC}") = "3. Karate Strings", "3. Karate Strings\3. Karate Strings.csproj", "{47FFEDCC-60A0-400C-9D18-AC1B68BEAA66}"
EndProject
Project("{FAE04EC0-301F-11D3-BF4B-00C04F79EFBC}") = "5. Only Letters", "5. Only Letters\5. Only Letters.csproj", "{4318D762-9737-47D8-BD49-A9EFF97C350A}"
EndProject
Project("{FAE04EC0-301F-11D3-BF4B-00C04F79EFBC}") = "6. Email Statistics", "6. Email Statistics\6. Email Statistics.csproj", "{F4A91D77-5C1C-484E-8478-A2F4E7F981F7}"
EndProject
Project("{FAE04EC0-301F-11D3-BF4B-00C04F79EFBC}") = "7. Hideout", "7. Hideout\7. Hideout.csproj", "{B9E835DF-97A1-41DD-87AE-D1EE43108804}"
EndProject
Global
	GlobalSection(SolutionConfigurationPlatforms) = preSolution
		Debug|Any CPU = Debug|Any CPU
		Release|Any CPU = Release|Any CPU
	EndGlobalSection
	GlobalSection(ProjectConfigurationPlatforms) = postSolution
		{667BD7F9-86AD-4D03-B400-774134261D73}.Debug|Any CPU.ActiveCfg = Debug|Any CPU
		{667BD7F9-86AD-4D03-B400-774134261D73}.Debug|Any CPU.Build.0 = Debug|Any CPU
		{667BD7F9-86AD-4D03-B400-774134261D73}.Release|Any CPU.ActiveCfg = Release|Any CPU
		{667BD7F9-86AD-4D03-B400-774134261D73}.Release|Any CPU.Build.0 = Release|Any CPU
		{3B974B8E-DE80-4F7A-9CDA-0E4F4245886A}.Debug|Any CPU.ActiveCfg = Debug|Any CPU
		{3B974B8E-DE80-4F7A-9CDA-0E4F4245886A}.Debug|Any CPU.Build.0 = Debug|Any CPU
		{3B974B8E-DE80-4F7A-9CDA-0E4F4245886A}.Release|Any CPU.ActiveCfg = Release|Any CPU
		{3B974B8E-DE80-4F7A-9CDA-0E4F4245886A}.Release|Any CPU.Build.0 = Release|Any CPU
		{47FFEDCC-60A0-400C-9D18-AC1B68BEAA66}.Debug|Any CPU.ActiveCfg = Debug|Any CPU
		{47FFEDCC-60A0-400C-9D18-AC1B68BEAA66}.Debug|Any CPU.Build.0 = Debug|Any CPU
		{47FFEDCC-60A0-400C-9D18-AC1B68BEAA66}.Release|Any CPU.ActiveCfg = Release|Any CPU
		{47FFEDCC-60A0-400C-9D18-AC1B68BEAA66}.Release|Any CPU.Build.0 = Release|Any CPU
		{4318D762-9737-47D8-BD49-A9EFF97C350A}.Debug|Any CPU.ActiveCfg = Debug|Any CPU
		{4318D762-9737-47D8-BD49-A9EFF97C350A}.Debug|Any CPU.Build.0 = Debug|Any CPU
		{4318D762-9737-47D8-BD49-A9EFF97C350A}.Release|Any CPU.ActiveCfg = Release|Any CPU
		{4318D762-9737-47D8-BD49-A9EFF97C350A}.Release|Any CPU.Build.0 = Release|Any CPU
		{F4A91D77-5C1C-484E-8478-A2F4E7F981F7}.Debug|Any CPU.ActiveCfg = Debug|Any CPU
		{F4A91D77-5C1C-484E-8478-A2F4E7F981F7}.Debug|Any CPU.Build.0 = Debug|Any CPU
		{F4A91D77-5C1C-484E-8478-A2F4E7F981F7}.Release|Any CPU.ActiveCfg = Release|Any CPU
		{F4A91D77-5C1C-484E-8478-A2F4E7F981F7}.Release|Any CPU.Build.0 = Release|Any CPU
		{B9E835DF-97A1-41DD-87AE-D1EE43108804}.Debug|Any CPU.ActiveCfg = Debug|Any CPU
		{B9E835DF-97A1-41DD-87AE-D1EE43108804}.Debug|Any CPU.Build.0 = Debug|Any CPU
		{B9E835DF-97A1-41DD-87AE-D1EE43108804}.Release|Any CPU.ActiveCfg = Release|Any CPU
		{B9E835DF-97A1-41DD-87AE-D1EE43108804}.Release|Any CPU.Build.0 = Release|Any CPU
	EndGlobalSection
	GlobalSection(SolutionProperties) = preSolution
		HideSolutionNode = FALSE
	EndGlobalSection
	GlobalSection(ExtensibilityGlobals) = postSolution
		SolutionGuid = {8AEF581E-5A55-41C0-AA1C-4F70F977218C}
	EndGlobalSection
EndGlobal
