
Microsoft Visual Studio Solution File, Format Version 12.00
# Visual Studio 15
VisualStudioVersion = 15.0.27428.2043
MinimumVisualStudioVersion = 10.0.40219.1
Project("{FAE04EC0-301F-11D3-BF4B-00C04F79EFBC}") = "1. Largest Common End", "1. Largest Common End\1. Largest Common End.csproj", "{0F9864A9-2525-4100-9659-66856BC38B4F}"
EndProject
Project("{FAE04EC0-301F-11D3-BF4B-00C04F79EFBC}") = "2. Rotate and Sum", "2. Rotate and Sum\2. Rotate and Sum.csproj", "{35CB3F0E-14B3-48E1-BA2B-1835331B8368}"
EndProject
Project("{FAE04EC0-301F-11D3-BF4B-00C04F79EFBC}") = "3. Fold and Sum", "3. Fold and Sum\3. Fold and Sum.csproj", "{5B0F93ED-9F06-4550-9FAA-3A1A28568D05}"
EndProject
Project("{FAE04EC0-301F-11D3-BF4B-00C04F79EFBC}") = "5. Compare Char Arrays", "5. Compare Char Arrays\5. Compare Char Arrays.csproj", "{610113A2-DB9F-4FB5-AF58-FD71212EC055}"
EndProject
Project("{FAE04EC0-301F-11D3-BF4B-00C04F79EFBC}") = "6. Max Sequence of Equal Elements", "6. Max Sequence of Equal Elements\6. Max Sequence of Equal Elements.csproj", "{0CCE09AB-8F35-4034-A2AB-B7F3A0E3EAC4}"
EndProject
Project("{FAE04EC0-301F-11D3-BF4B-00C04F79EFBC}") = "7. Max Sequence of Increasing Elements", "7. Max Sequence of Increasing Elements\7. Max Sequence of Increasing Elements.csproj", "{C12535D3-ACB1-4C8E-B957-3604CC9ABF1E}"
EndProject
Project("{FAE04EC0-301F-11D3-BF4B-00C04F79EFBC}") = "8. Most Frequent Number", "8. Most Frequent Number\8. Most Frequent Number.csproj", "{B253C1D5-14D1-4FCE-BF17-247AAA503C2F}"
EndProject
Project("{FAE04EC0-301F-11D3-BF4B-00C04F79EFBC}") = "9. Index of Letters", "9. Index of Letters\9. Index of Letters.csproj", "{A3198994-72F3-4F07-91E0-49D2031AFC33}"
EndProject
Project("{FAE04EC0-301F-11D3-BF4B-00C04F79EFBC}") = "910. Pairs by Difference", "910. Pairs by Difference\910. Pairs by Difference.csproj", "{EBB5D8BE-BE46-4D2E-85E9-12DA6D5F81A4}"
EndProject
Project("{FAE04EC0-301F-11D3-BF4B-00C04F79EFBC}") = "911. Equal Sums", "911. Equal Sums\911. Equal Sums.csproj", "{E7813939-0D5F-450F-86BA-BB75D9E31AE4}"
EndProject
Global
	GlobalSection(SolutionConfigurationPlatforms) = preSolution
		Debug|Any CPU = Debug|Any CPU
		Release|Any CPU = Release|Any CPU
	EndGlobalSection
	GlobalSection(ProjectConfigurationPlatforms) = postSolution
		{0F9864A9-2525-4100-9659-66856BC38B4F}.Debug|Any CPU.ActiveCfg = Debug|Any CPU
		{0F9864A9-2525-4100-9659-66856BC38B4F}.Debug|Any CPU.Build.0 = Debug|Any CPU
		{0F9864A9-2525-4100-9659-66856BC38B4F}.Release|Any CPU.ActiveCfg = Release|Any CPU
		{0F9864A9-2525-4100-9659-66856BC38B4F}.Release|Any CPU.Build.0 = Release|Any CPU
		{35CB3F0E-14B3-48E1-BA2B-1835331B8368}.Debug|Any CPU.ActiveCfg = Debug|Any CPU
		{35CB3F0E-14B3-48E1-BA2B-1835331B8368}.Debug|Any CPU.Build.0 = Debug|Any CPU
		{35CB3F0E-14B3-48E1-BA2B-1835331B8368}.Release|Any CPU.ActiveCfg = Release|Any CPU
		{35CB3F0E-14B3-48E1-BA2B-1835331B8368}.Release|Any CPU.Build.0 = Release|Any CPU
		{5B0F93ED-9F06-4550-9FAA-3A1A28568D05}.Debug|Any CPU.ActiveCfg = Debug|Any CPU
		{5B0F93ED-9F06-4550-9FAA-3A1A28568D05}.Debug|Any CPU.Build.0 = Debug|Any CPU
		{5B0F93ED-9F06-4550-9FAA-3A1A28568D05}.Release|Any CPU.ActiveCfg = Release|Any CPU
		{5B0F93ED-9F06-4550-9FAA-3A1A28568D05}.Release|Any CPU.Build.0 = Release|Any CPU
		{610113A2-DB9F-4FB5-AF58-FD71212EC055}.Debug|Any CPU.ActiveCfg = Debug|Any CPU
		{610113A2-DB9F-4FB5-AF58-FD71212EC055}.Debug|Any CPU.Build.0 = Debug|Any CPU
		{610113A2-DB9F-4FB5-AF58-FD71212EC055}.Release|Any CPU.ActiveCfg = Release|Any CPU
		{610113A2-DB9F-4FB5-AF58-FD71212EC055}.Release|Any CPU.Build.0 = Release|Any CPU
		{0CCE09AB-8F35-4034-A2AB-B7F3A0E3EAC4}.Debug|Any CPU.ActiveCfg = Debug|Any CPU
		{0CCE09AB-8F35-4034-A2AB-B7F3A0E3EAC4}.Debug|Any CPU.Build.0 = Debug|Any CPU
		{0CCE09AB-8F35-4034-A2AB-B7F3A0E3EAC4}.Release|Any CPU.ActiveCfg = Release|Any CPU
		{0CCE09AB-8F35-4034-A2AB-B7F3A0E3EAC4}.Release|Any CPU.Build.0 = Release|Any CPU
		{C12535D3-ACB1-4C8E-B957-3604CC9ABF1E}.Debug|Any CPU.ActiveCfg = Debug|Any CPU
		{C12535D3-ACB1-4C8E-B957-3604CC9ABF1E}.Debug|Any CPU.Build.0 = Debug|Any CPU
		{C12535D3-ACB1-4C8E-B957-3604CC9ABF1E}.Release|Any CPU.ActiveCfg = Release|Any CPU
		{C12535D3-ACB1-4C8E-B957-3604CC9ABF1E}.Release|Any CPU.Build.0 = Release|Any CPU
		{B253C1D5-14D1-4FCE-BF17-247AAA503C2F}.Debug|Any CPU.ActiveCfg = Debug|Any CPU
		{B253C1D5-14D1-4FCE-BF17-247AAA503C2F}.Debug|Any CPU.Build.0 = Debug|Any CPU
		{B253C1D5-14D1-4FCE-BF17-247AAA503C2F}.Release|Any CPU.ActiveCfg = Release|Any CPU
		{B253C1D5-14D1-4FCE-BF17-247AAA503C2F}.Release|Any CPU.Build.0 = Release|Any CPU
		{A3198994-72F3-4F07-91E0-49D2031AFC33}.Debug|Any CPU.ActiveCfg = Debug|Any CPU
		{A3198994-72F3-4F07-91E0-49D2031AFC33}.Debug|Any CPU.Build.0 = Debug|Any CPU
		{A3198994-72F3-4F07-91E0-49D2031AFC33}.Release|Any CPU.ActiveCfg = Release|Any CPU
		{A3198994-72F3-4F07-91E0-49D2031AFC33}.Release|Any CPU.Build.0 = Release|Any CPU
		{EBB5D8BE-BE46-4D2E-85E9-12DA6D5F81A4}.Debug|Any CPU.ActiveCfg = Debug|Any CPU
		{EBB5D8BE-BE46-4D2E-85E9-12DA6D5F81A4}.Debug|Any CPU.Build.0 = Debug|Any CPU
		{EBB5D8BE-BE46-4D2E-85E9-12DA6D5F81A4}.Release|Any CPU.ActiveCfg = Release|Any CPU
		{EBB5D8BE-BE46-4D2E-85E9-12DA6D5F81A4}.Release|Any CPU.Build.0 = Release|Any CPU
		{E7813939-0D5F-450F-86BA-BB75D9E31AE4}.Debug|Any CPU.ActiveCfg = Debug|Any CPU
		{E7813939-0D5F-450F-86BA-BB75D9E31AE4}.Debug|Any CPU.Build.0 = Debug|Any CPU
		{E7813939-0D5F-450F-86BA-BB75D9E31AE4}.Release|Any CPU.ActiveCfg = Release|Any CPU
		{E7813939-0D5F-450F-86BA-BB75D9E31AE4}.Release|Any CPU.Build.0 = Release|Any CPU
	EndGlobalSection
	GlobalSection(SolutionProperties) = preSolution
		HideSolutionNode = FALSE
	EndGlobalSection
	GlobalSection(ExtensibilityGlobals) = postSolution
		SolutionGuid = {1DC9C79B-41D8-4CC9-ACB2-56CAD214A63A}
	EndGlobalSection
EndGlobal
